
Microsoft Visual Studio Solution File, Format Version 12.00
# Visual Studio Version 16
VisualStudioVersion = 16.0.32602.291
MinimumVisualStudioVersion = 10.0.40219.1
Project("{FAE04EC0-301F-11D3-BF4B-00C04F79EFBC}") = "ACS", "ACS\ACS.csproj", "{05CE9E3C-12DE-45C4-BEFA-8CB1C45600C6}"
EndProject
Global
	GlobalSection(SolutionConfigurationPlatforms) = preSolution
		Debug|Any CPU = Debug|Any CPU
		Release|Any CPU = Release|Any CPU
	EndGlobalSection
	GlobalSection(ProjectConfigurationPlatforms) = postSolution
		{05CE9E3C-12DE-45C4-BEFA-8CB1C45600C6}.Debug|Any CPU.ActiveCfg = Debug|Any CPU
		{05CE9E3C-12DE-45C4-BEFA-8CB1C45600C6}.Debug|Any CPU.Build.0 = Debug|Any CPU
		{05CE9E3C-12DE-45C4-BEFA-8CB1C45600C6}.Release|Any CPU.ActiveCfg = Release|Any CPU
		{05CE9E3C-12DE-45C4-BEFA-8CB1C45600C6}.Release|Any CPU.Build.0 = Release|Any CPU
	EndGlobalSection
	GlobalSection(SolutionProperties) = preSolution
		HideSolutionNode = FALSE
	EndGlobalSection
	GlobalSection(ExtensibilityGlobals) = postSolution
		SolutionGuid = {487374EE-98B4-4C88-BDC4-E9E7B7617633}
	EndGlobalSection
EndGlobal
